
Microsoft Visual Studio Solution File, Format Version 12.00
# Visual Studio Version 16
VisualStudioVersion = 16.0.29709.97
MinimumVisualStudioVersion = 10.0.40219.1
Project("{9A19103F-16F7-4668-BE54-9A1E7A4F7556}") = "Okta.FederatedAuth", "FederatedAuth\Okta.FederatedAuth.csproj", "{0AF477C5-7685-4BB0-8341-6BB8EE46E5DB}"
EndProject
Project("{2150E333-8FDC-42A3-9474-1A3956D46DE8}") = "SolutionItems", "SolutionItems", "{E82C88C8-D51F-4D76-9008-19C405184248}"
	ProjectSection(SolutionItems) = preProject
		..\README.md = ..\README.md
	EndProjectSection
EndProject
Global
	GlobalSection(SolutionConfigurationPlatforms) = preSolution
		Debug|Any CPU = Debug|Any CPU
		Release|Any CPU = Release|Any CPU
	EndGlobalSection
	GlobalSection(ProjectConfigurationPlatforms) = postSolution
		{0AF477C5-7685-4BB0-8341-6BB8EE46E5DB}.Debug|Any CPU.ActiveCfg = Debug|Any CPU
		{0AF477C5-7685-4BB0-8341-6BB8EE46E5DB}.Debug|Any CPU.Build.0 = Debug|Any CPU
		{0AF477C5-7685-4BB0-8341-6BB8EE46E5DB}.Release|Any CPU.ActiveCfg = Release|Any CPU
		{0AF477C5-7685-4BB0-8341-6BB8EE46E5DB}.Release|Any CPU.Build.0 = Release|Any CPU
	EndGlobalSection
	GlobalSection(SolutionProperties) = preSolution
		HideSolutionNode = FALSE
	EndGlobalSection
	GlobalSection(ExtensibilityGlobals) = postSolution
		SolutionGuid = {14F2CC81-4628-4C05-91AD-0F717FB78208}
	EndGlobalSection
EndGlobal
